
Microsoft Visual Studio Solution File, Format Version 12.00
# Visual Studio Version 17
VisualStudioVersion = 17.14.36301.6 d17.14
MinimumVisualStudioVersion = 10.0.40219.1
Project("{FAE04EC0-301F-11D3-BF4B-00C04F79EFBC}") = "Linq assignment", "Linq assignment.csproj", "{7CABEEEE-705C-41E9-A451-5CD5E3A0E2CD}"
EndProject
Global
	GlobalSection(SolutionConfigurationPlatforms) = preSolution
		Debug|Any CPU = Debug|Any CPU
		Release|Any CPU = Release|Any CPU
	EndGlobalSection
	GlobalSection(ProjectConfigurationPlatforms) = postSolution
		{7CABEEEE-705C-41E9-A451-5CD5E3A0E2CD}.Debug|Any CPU.ActiveCfg = Debug|Any CPU
		{7CABEEEE-705C-41E9-A451-5CD5E3A0E2CD}.Debug|Any CPU.Build.0 = Debug|Any CPU
		{7CABEEEE-705C-41E9-A451-5CD5E3A0E2CD}.Release|Any CPU.ActiveCfg = Release|Any CPU
		{7CABEEEE-705C-41E9-A451-5CD5E3A0E2CD}.Release|Any CPU.Build.0 = Release|Any CPU
	EndGlobalSection
	GlobalSection(SolutionProperties) = preSolution
		HideSolutionNode = FALSE
	EndGlobalSection
	GlobalSection(ExtensibilityGlobals) = postSolution
		SolutionGuid = {1CDF55C1-2D54-4DA0-B405-5A3FE5E8F421}
	EndGlobalSection
EndGlobal
